
Microsoft Visual Studio Solution File, Format Version 12.00
# Visual Studio Version 17
VisualStudioVersion = 17.3.32929.385
MinimumVisualStudioVersion = 10.0.40219.1
Project("{FAE04EC0-301F-11D3-BF4B-00C04F79EFBC}") = "BizLand", "BizLand\BizLand.csproj", "{FE65F34F-AE41-46E4-A6AF-F74CCC9504D4}"
EndProject
Global
	GlobalSection(SolutionConfigurationPlatforms) = preSolution
		Debug|Any CPU = Debug|Any CPU
		Release|Any CPU = Release|Any CPU
	EndGlobalSection
	GlobalSection(ProjectConfigurationPlatforms) = postSolution
		{FE65F34F-AE41-46E4-A6AF-F74CCC9504D4}.Debug|Any CPU.ActiveCfg = Debug|Any CPU
		{FE65F34F-AE41-46E4-A6AF-F74CCC9504D4}.Debug|Any CPU.Build.0 = Debug|Any CPU
		{FE65F34F-AE41-46E4-A6AF-F74CCC9504D4}.Release|Any CPU.ActiveCfg = Release|Any CPU
		{FE65F34F-AE41-46E4-A6AF-F74CCC9504D4}.Release|Any CPU.Build.0 = Release|Any CPU
	EndGlobalSection
	GlobalSection(SolutionProperties) = preSolution
		HideSolutionNode = FALSE
	EndGlobalSection
	GlobalSection(ExtensibilityGlobals) = postSolution
		SolutionGuid = {7C5C58EE-8C6D-499F-BCD7-F642D764EA4E}
	EndGlobalSection
EndGlobal
